
Microsoft Visual Studio Solution File, Format Version 12.00
Project("{FAE04EC0-301F-11D3-BF4B-00C04F79EFBC}") = "SomeNugetPackage", "SomeNugetPackage\SomeNugetPackage.csproj", "{D9CFDEEA-B62E-4FE8-898F-6A3E9C6B81F2}"
EndProject
Project("{FAE04EC0-301F-11D3-BF4B-00C04F79EFBC}") = "Test", "Test\Test.csproj", "{BEFDE491-3DE1-490C-A370-F83765DA35F2}"
EndProject
Global
	GlobalSection(SolutionConfigurationPlatforms) = preSolution
		Debug|Any CPU = Debug|Any CPU
		Release|Any CPU = Release|Any CPU
	EndGlobalSection
	GlobalSection(ProjectConfigurationPlatforms) = postSolution
		{D9CFDEEA-B62E-4FE8-898F-6A3E9C6B81F2}.Debug|Any CPU.ActiveCfg = Debug|Any CPU
		{D9CFDEEA-B62E-4FE8-898F-6A3E9C6B81F2}.Debug|Any CPU.Build.0 = Debug|Any CPU
		{D9CFDEEA-B62E-4FE8-898F-6A3E9C6B81F2}.Release|Any CPU.ActiveCfg = Release|Any CPU
		{D9CFDEEA-B62E-4FE8-898F-6A3E9C6B81F2}.Release|Any CPU.Build.0 = Release|Any CPU
		{BEFDE491-3DE1-490C-A370-F83765DA35F2}.Debug|Any CPU.ActiveCfg = Debug|Any CPU
		{BEFDE491-3DE1-490C-A370-F83765DA35F2}.Debug|Any CPU.Build.0 = Debug|Any CPU
		{BEFDE491-3DE1-490C-A370-F83765DA35F2}.Release|Any CPU.ActiveCfg = Release|Any CPU
		{BEFDE491-3DE1-490C-A370-F83765DA35F2}.Release|Any CPU.Build.0 = Release|Any CPU
	EndGlobalSection
EndGlobal
